// !$*UTF8*$!
{
	archiveVersion = 1;
	classes = {
	};
	objectVersion = 55;
	objects = {

/* Begin PBXBuildFile section */
		33A72C3D33AA93098DD6568A /* Pods_Travel_Agency.framework in Frameworks */ = {isa = PBXBuildFile; fileRef = 000ABA3FF99DAA9C13832281 /* Pods_Travel_Agency.framework */; };
		4D0F3E5F28111306005C62D2 /* Ext+String.swift in Sources */ = {isa = PBXBuildFile; fileRef = 4D0F3E5E28111306005C62D2 /* Ext+String.swift */; };
		4D0F3E6128111711005C62D2 /* Cache.swift in Sources */ = {isa = PBXBuildFile; fileRef = 4D0F3E6028111711005C62D2 /* Cache.swift */; };
		4D0F3E6428111752005C62D2 /* RegisterVC.swift in Sources */ = {isa = PBXBuildFile; fileRef = 4D0F3E6228111752005C62D2 /* RegisterVC.swift */; };
		4D0F3E6528111752005C62D2 /* RegisterVC.xib in Resources */ = {isa = PBXBuildFile; fileRef = 4D0F3E6328111752005C62D2 /* RegisterVC.xib */; };
		4D0F3E67281119FC005C62D2 /* TabBarController.swift in Sources */ = {isa = PBXBuildFile; fileRef = 4D0F3E66281119FC005C62D2 /* TabBarController.swift */; };
		4D0F3E6A28112162005C62D2 /* HotelsVC.swift in Sources */ = {isa = PBXBuildFile; fileRef = 4D0F3E6828112162005C62D2 /* HotelsVC.swift */; };
		4D0F3E6B28112162005C62D2 /* HotelsVC.xib in Resources */ = {isa = PBXBuildFile; fileRef = 4D0F3E6928112162005C62D2 /* HotelsVC.xib */; };
		4D0F3E6E28112321005C62D2 /* RentCarVC.swift in Sources */ = {isa = PBXBuildFile; fileRef = 4D0F3E6C28112321005C62D2 /* RentCarVC.swift */; };
		4D0F3E6F28112321005C62D2 /* RentCarVC.xib in Resources */ = {isa = PBXBuildFile; fileRef = 4D0F3E6D28112321005C62D2 /* RentCarVC.xib */; };
		4D7D407C28192BDC00F1367E /* MyRealmData.swift in Sources */ = {isa = PBXBuildFile; fileRef = 4D7D407B28192BDC00F1367E /* MyRealmData.swift */; };
		4D7D407E2819385700F1367E /* Ext+UIImageView.swift in Sources */ = {isa = PBXBuildFile; fileRef = 4D7D407D2819385700F1367E /* Ext+UIImageView.swift */; };
		4D9046202827C89000D99271 /* OrdersDM.swift in Sources */ = {isa = PBXBuildFile; fileRef = 4D90461F2827C89000D99271 /* OrdersDM.swift */; };
		4D9046232828229000D99271 /* AppInfoVC.swift in Sources */ = {isa = PBXBuildFile; fileRef = 4D9046212828229000D99271 /* AppInfoVC.swift */; };
		4D9046242828229000D99271 /* AppInfoVC.xib in Resources */ = {isa = PBXBuildFile; fileRef = 4D9046222828229000D99271 /* AppInfoVC.xib */; };
		4D904626282834E600D99271 /* Cars.json in Resources */ = {isa = PBXBuildFile; fileRef = 4D904625282834E600D99271 /* Cars.json */; };
		4D90462828283DC400D99271 /* CarDM.swift in Sources */ = {isa = PBXBuildFile; fileRef = 4D90462728283DC400D99271 /* CarDM.swift */; };
		4D93AA362819133100004FE9 /* Loader.swift in Sources */ = {isa = PBXBuildFile; fileRef = 4D93AA322819133100004FE9 /* Loader.swift */; };
		4D93AA372819133100004FE9 /* Rechability.swift in Sources */ = {isa = PBXBuildFile; fileRef = 4D93AA332819133100004FE9 /* Rechability.swift */; };
		4D93AA382819133100004FE9 /* Net.swift in Sources */ = {isa = PBXBuildFile; fileRef = 4D93AA342819133100004FE9 /* Net.swift */; };
		4D93AA3A2819135600004FE9 /* API.swift in Sources */ = {isa = PBXBuildFile; fileRef = 4D93AA392819135600004FE9 /* API.swift */; };
		4D93AA3C2819272C00004FE9 /* LocationDM.swift in Sources */ = {isa = PBXBuildFile; fileRef = 4D93AA3B2819272C00004FE9 /* LocationDM.swift */; };
		4D93AA402819280600004FE9 /* Locations.json in Resources */ = {isa = PBXBuildFile; fileRef = 4D93AA3F2819280600004FE9 /* Locations.json */; };
		4D992AD0281A5E8600106481 /* WebViewVC.swift in Sources */ = {isa = PBXBuildFile; fileRef = 4D992ACE281A5E8600106481 /* WebViewVC.swift */; };
		4D992AD4281A7C1800106481 /* PlaceDetailVC.swift in Sources */ = {isa = PBXBuildFile; fileRef = 4D992AD2281A7C1800106481 /* PlaceDetailVC.swift */; };
		4D992AD5281A7C1800106481 /* PlaceDetailVC.xib in Resources */ = {isa = PBXBuildFile; fileRef = 4D992AD3281A7C1800106481 /* PlaceDetailVC.xib */; };
		4D992AE1281BBA9700106481 /* FavoritesTVC.swift in Sources */ = {isa = PBXBuildFile; fileRef = 4D992ADF281BBA9700106481 /* FavoritesTVC.swift */; };
		4D992AE2281BBA9700106481 /* FavoritesTVC.xib in Resources */ = {isa = PBXBuildFile; fileRef = 4D992AE0281BBA9700106481 /* FavoritesTVC.xib */; };
		4D992AEB281BC6DD00106481 /* MyFavoriteVC.swift in Sources */ = {isa = PBXBuildFile; fileRef = 4D992AE9281BC6DD00106481 /* MyFavoriteVC.swift */; };
		4D992AEC281BC6DD00106481 /* MyFavoriteVC.xib in Resources */ = {isa = PBXBuildFile; fileRef = 4D992AEA281BC6DD00106481 /* MyFavoriteVC.xib */; };
		4D9EC42D28152239006D06FB /* UserDM.swift in Sources */ = {isa = PBXBuildFile; fileRef = 4D9EC42C28152239006D06FB /* UserDM.swift */; };
		4D9EC42F281522F0006D06FB /* Constants.swift in Sources */ = {isa = PBXBuildFile; fileRef = 4D9EC42E281522F0006D06FB /* Constants.swift */; };
		4D9EC431281525CE006D06FB /* Alert.swift in Sources */ = {isa = PBXBuildFile; fileRef = 4D9EC430281525CE006D06FB /* Alert.swift */; };
		4D9EC43328152907006D06FB /* Ext+UIWindow.swift in Sources */ = {isa = PBXBuildFile; fileRef = 4D9EC43228152907006D06FB /* Ext+UIWindow.swift */; };
		4D9EC43728155129006D06FB /* ProfileVC.swift in Sources */ = {isa = PBXBuildFile; fileRef = 4D9EC43528155129006D06FB /* ProfileVC.swift */; };
		4D9EC43828155129006D06FB /* ProfileVC.xib in Resources */ = {isa = PBXBuildFile; fileRef = 4D9EC43628155129006D06FB /* ProfileVC.xib */; };
		4D9EC44528155575006D06FB /* CustomSectionHeader.xib in Resources */ = {isa = PBXBuildFile; fileRef = 4D9EC44328155575006D06FB /* CustomSectionHeader.xib */; };
		4D9EC44628155575006D06FB /* CustomSectionHeader.swift in Sources */ = {isa = PBXBuildFile; fileRef = 4D9EC44428155575006D06FB /* CustomSectionHeader.swift */; };
		4D9EC44828165828006D06FB /* Ext+UIVC.swift in Sources */ = {isa = PBXBuildFile; fileRef = 4D9EC44728165828006D06FB /* Ext+UIVC.swift */; };
		4D9EC44B28165877006D06FB /* Ext+UNC.swift in Sources */ = {isa = PBXBuildFile; fileRef = 4D9EC44A28165877006D06FB /* Ext+UNC.swift */; };
		4D9EC44F28166735006D06FB /* TopCVC.swift in Sources */ = {isa = PBXBuildFile; fileRef = 4D9EC44D28166735006D06FB /* TopCVC.swift */; };
		4D9EC45028166735006D06FB /* TopCVC.xib in Resources */ = {isa = PBXBuildFile; fileRef = 4D9EC44E28166735006D06FB /* TopCVC.xib */; };
		4D9EC4532816674E006D06FB /* AnimateCVC.swift in Sources */ = {isa = PBXBuildFile; fileRef = 4D9EC4512816674E006D06FB /* AnimateCVC.swift */; };
		4D9EC4542816674E006D06FB /* AnimateCVC.xib in Resources */ = {isa = PBXBuildFile; fileRef = 4D9EC4522816674E006D06FB /* AnimateCVC.xib */; };
		4D9EC4562816684E006D06FB /* Ext+Cell.swift in Sources */ = {isa = PBXBuildFile; fileRef = 4D9EC4552816684E006D06FB /* Ext+Cell.swift */; };
		4DA4876F280FD0F500401107 /* AppDelegate.swift in Sources */ = {isa = PBXBuildFile; fileRef = 4DA4876E280FD0F500401107 /* AppDelegate.swift */; };
		4DA48778280FD0F900401107 /* Assets.xcassets in Resources */ = {isa = PBXBuildFile; fileRef = 4DA48777280FD0F900401107 /* Assets.xcassets */; };
		4DA4877B280FD0F900401107 /* LaunchScreen.storyboard in Resources */ = {isa = PBXBuildFile; fileRef = 4DA48779280FD0F900401107 /* LaunchScreen.storyboard */; };
		4DA48784280FD16000401107 /* MainVC.swift in Sources */ = {isa = PBXBuildFile; fileRef = 4DA48782280FD16000401107 /* MainVC.swift */; };
		4DA48785280FD16000401107 /* MainVC.xib in Resources */ = {isa = PBXBuildFile; fileRef = 4DA48783280FD16000401107 /* MainVC.xib */; };
		4DA4878B280FD27900401107 /* LoginVC.swift in Sources */ = {isa = PBXBuildFile; fileRef = 4DA48789280FD27900401107 /* LoginVC.swift */; };
		4DA4878C280FD27900401107 /* LoginVC.xib in Resources */ = {isa = PBXBuildFile; fileRef = 4DA4878A280FD27900401107 /* LoginVC.xib */; };
		4DE82568281CAE1400B42757 /* MyFirestoreData.swift in Sources */ = {isa = PBXBuildFile; fileRef = 4DE82567281CAE1400B42757 /* MyFirestoreData.swift */; };
		4DEA44F82817BFBE00093536 /* GoogleService-Info.plist in Resources */ = {isa = PBXBuildFile; fileRef = 4DEA44F72817BFBE00093536 /* GoogleService-Info.plist */; };
/* End PBXBuildFile section */

/* Begin PBXFileReference section */
		000ABA3FF99DAA9C13832281 /* Pods_Travel_Agency.framework */ = {isa = PBXFileReference; explicitFileType = wrapper.framework; includeInIndex = 0; path = Pods_Travel_Agency.framework; sourceTree = BUILT_PRODUCTS_DIR; };
		3E4D495F1FC776433C8DFDD3 /* Pods-Travel Agency.debug.xcconfig */ = {isa = PBXFileReference; includeInIndex = 1; lastKnownFileType = text.xcconfig; name = "Pods-Travel Agency.debug.xcconfig"; path = "Target Support Files/Pods-Travel Agency/Pods-Travel Agency.debug.xcconfig"; sourceTree = "<group>"; };
		4D0F3E5E28111306005C62D2 /* Ext+String.swift */ = {isa = PBXFileReference; lastKnownFileType = sourcecode.swift; path = "Ext+String.swift"; sourceTree = "<group>"; };
		4D0F3E6028111711005C62D2 /* Cache.swift */ = {isa = PBXFileReference; lastKnownFileType = sourcecode.swift; path = Cache.swift; sourceTree = "<group>"; };
		4D0F3E6228111752005C62D2 /* RegisterVC.swift */ = {isa = PBXFileReference; lastKnownFileType = sourcecode.swift; path = RegisterVC.swift; sourceTree = "<group>"; };
		4D0F3E6328111752005C62D2 /* RegisterVC.xib */ = {isa = PBXFileReference; lastKnownFileType = file.xib; path = RegisterVC.xib; sourceTree = "<group>"; };
		4D0F3E66281119FC005C62D2 /* TabBarController.swift */ = {isa = PBXFileReference; lastKnownFileType = sourcecode.swift; path = TabBarController.swift; sourceTree = "<group>"; };
		4D0F3E6828112162005C62D2 /* HotelsVC.swift */ = {isa = PBXFileReference; lastKnownFileType = sourcecode.swift; path = HotelsVC.swift; sourceTree = "<group>"; };
		4D0F3E6928112162005C62D2 /* HotelsVC.xib */ = {isa = PBXFileReference; lastKnownFileType = file.xib; path = HotelsVC.xib; sourceTree = "<group>"; };
		4D0F3E6C28112321005C62D2 /* RentCarVC.swift */ = {isa = PBXFileReference; lastKnownFileType = sourcecode.swift; path = RentCarVC.swift; sourceTree = "<group>"; };
		4D0F3E6D28112321005C62D2 /* RentCarVC.xib */ = {isa = PBXFileReference; lastKnownFileType = file.xib; path = RentCarVC.xib; sourceTree = "<group>"; };
		4D7D407B28192BDC00F1367E /* MyRealmData.swift */ = {isa = PBXFileReference; lastKnownFileType = sourcecode.swift; path = MyRealmData.swift; sourceTree = "<group>"; };
		4D7D407D2819385700F1367E /* Ext+UIImageView.swift */ = {isa = PBXFileReference; lastKnownFileType = sourcecode.swift; path = "Ext+UIImageView.swift"; sourceTree = "<group>"; };
		4D90461F2827C89000D99271 /* OrdersDM.swift */ = {isa = PBXFileReference; lastKnownFileType = sourcecode.swift; path = OrdersDM.swift; sourceTree = "<group>"; };
		4D9046212828229000D99271 /* AppInfoVC.swift */ = {isa = PBXFileReference; lastKnownFileType = sourcecode.swift; path = AppInfoVC.swift; sourceTree = "<group>"; };
		4D9046222828229000D99271 /* AppInfoVC.xib */ = {isa = PBXFileReference; lastKnownFileType = file.xib; path = AppInfoVC.xib; sourceTree = "<group>"; };
		4D904625282834E600D99271 /* Cars.json */ = {isa = PBXFileReference; explicitFileType = text.json; fileEncoding = 4; path = Cars.json; sourceTree = "<group>"; };
		4D90462728283DC400D99271 /* CarDM.swift */ = {isa = PBXFileReference; lastKnownFileType = sourcecode.swift; path = CarDM.swift; sourceTree = "<group>"; };
		4D93AA322819133100004FE9 /* Loader.swift */ = {isa = PBXFileReference; fileEncoding = 4; lastKnownFileType = sourcecode.swift; path = Loader.swift; sourceTree = "<group>"; };
		4D93AA332819133100004FE9 /* Rechability.swift */ = {isa = PBXFileReference; fileEncoding = 4; lastKnownFileType = sourcecode.swift; path = Rechability.swift; sourceTree = "<group>"; };
		4D93AA342819133100004FE9 /* Net.swift */ = {isa = PBXFileReference; fileEncoding = 4; lastKnownFileType = sourcecode.swift; path = Net.swift; sourceTree = "<group>"; };
		4D93AA392819135600004FE9 /* API.swift */ = {isa = PBXFileReference; lastKnownFileType = sourcecode.swift; path = API.swift; sourceTree = "<group>"; };
		4D93AA3B2819272C00004FE9 /* LocationDM.swift */ = {isa = PBXFileReference; lastKnownFileType = sourcecode.swift; path = LocationDM.swift; sourceTree = "<group>"; };
		4D93AA3F2819280600004FE9 /* Locations.json */ = {isa = PBXFileReference; explicitFileType = text.json; fileEncoding = 4; path = Locations.json; sourceTree = "<group>"; };
		4D992ACE281A5E8600106481 /* WebViewVC.swift */ = {isa = PBXFileReference; lastKnownFileType = sourcecode.swift; path = WebViewVC.swift; sourceTree = "<group>"; };
		4D992AD2281A7C1800106481 /* PlaceDetailVC.swift */ = {isa = PBXFileReference; lastKnownFileType = sourcecode.swift; path = PlaceDetailVC.swift; sourceTree = "<group>"; };
		4D992AD3281A7C1800106481 /* PlaceDetailVC.xib */ = {isa = PBXFileReference; lastKnownFileType = file.xib; path = PlaceDetailVC.xib; sourceTree = "<group>"; };
		4D992ADF281BBA9700106481 /* FavoritesTVC.swift */ = {isa = PBXFileReference; lastKnownFileType = sourcecode.swift; path = FavoritesTVC.swift; sourceTree = "<group>"; };
		4D992AE0281BBA9700106481 /* FavoritesTVC.xib */ = {isa = PBXFileReference; lastKnownFileType = file.xib; path = FavoritesTVC.xib; sourceTree = "<group>"; };
		4D992AE9281BC6DD00106481 /* MyFavoriteVC.swift */ = {isa = PBXFileReference; lastKnownFileType = sourcecode.swift; path = MyFavoriteVC.swift; sourceTree = "<group>"; };
		4D992AEA281BC6DD00106481 /* MyFavoriteVC.xib */ = {isa = PBXFileReference; lastKnownFileType = file.xib; path = MyFavoriteVC.xib; sourceTree = "<group>"; };
		4D9EC42C28152239006D06FB /* UserDM.swift */ = {isa = PBXFileReference; lastKnownFileType = sourcecode.swift; path = UserDM.swift; sourceTree = "<group>"; };
		4D9EC42E281522F0006D06FB /* Constants.swift */ = {isa = PBXFileReference; lastKnownFileType = sourcecode.swift; path = Constants.swift; sourceTree = "<group>"; };
		4D9EC430281525CE006D06FB /* Alert.swift */ = {isa = PBXFileReference; lastKnownFileType = sourcecode.swift; path = Alert.swift; sourceTree = "<group>"; };
		4D9EC43228152907006D06FB /* Ext+UIWindow.swift */ = {isa = PBXFileReference; lastKnownFileType = sourcecode.swift; path = "Ext+UIWindow.swift"; sourceTree = "<group>"; };
		4D9EC43528155129006D06FB /* ProfileVC.swift */ = {isa = PBXFileReference; lastKnownFileType = sourcecode.swift; path = ProfileVC.swift; sourceTree = "<group>"; };
		4D9EC43628155129006D06FB /* ProfileVC.xib */ = {isa = PBXFileReference; lastKnownFileType = file.xib; path = ProfileVC.xib; sourceTree = "<group>"; };
		4D9EC44328155575006D06FB /* CustomSectionHeader.xib */ = {isa = PBXFileReference; fileEncoding = 4; lastKnownFileType = file.xib; path = CustomSectionHeader.xib; sourceTree = "<group>"; };
		4D9EC44428155575006D06FB /* CustomSectionHeader.swift */ = {isa = PBXFileReference; fileEncoding = 4; lastKnownFileType = sourcecode.swift; path = CustomSectionHeader.swift; sourceTree = "<group>"; };
		4D9EC44728165828006D06FB /* Ext+UIVC.swift */ = {isa = PBXFileReference; lastKnownFileType = sourcecode.swift; path = "Ext+UIVC.swift"; sourceTree = "<group>"; };
		4D9EC44A28165877006D06FB /* Ext+UNC.swift */ = {isa = PBXFileReference; lastKnownFileType = sourcecode.swift; path = "Ext+UNC.swift"; sourceTree = "<group>"; };
		4D9EC44D28166735006D06FB /* TopCVC.swift */ = {isa = PBXFileReference; lastKnownFileType = sourcecode.swift; path = TopCVC.swift; sourceTree = "<group>"; };
		4D9EC44E28166735006D06FB /* TopCVC.xib */ = {isa = PBXFileReference; lastKnownFileType = file.xib; path = TopCVC.xib; sourceTree = "<group>"; };
		4D9EC4512816674E006D06FB /* AnimateCVC.swift */ = {isa = PBXFileReference; lastKnownFileType = sourcecode.swift; path = AnimateCVC.swift; sourceTree = "<group>"; };
		4D9EC4522816674E006D06FB /* AnimateCVC.xib */ = {isa = PBXFileReference; lastKnownFileType = file.xib; path = AnimateCVC.xib; sourceTree = "<group>"; };
		4D9EC4552816684E006D06FB /* Ext+Cell.swift */ = {isa = PBXFileReference; lastKnownFileType = sourcecode.swift; path = "Ext+Cell.swift"; sourceTree = "<group>"; };
		4DA4876B280FD0F500401107 /* Travel Agency.app */ = {isa = PBXFileReference; explicitFileType = wrapper.application; includeInIndex = 0; path = "Travel Agency.app"; sourceTree = BUILT_PRODUCTS_DIR; };
		4DA4876E280FD0F500401107 /* AppDelegate.swift */ = {isa = PBXFileReference; lastKnownFileType = sourcecode.swift; path = AppDelegate.swift; sourceTree = "<group>"; };
		4DA48777280FD0F900401107 /* Assets.xcassets */ = {isa = PBXFileReference; lastKnownFileType = folder.assetcatalog; path = Assets.xcassets; sourceTree = "<group>"; };
		4DA4877A280FD0F900401107 /* Base */ = {isa = PBXFileReference; lastKnownFileType = file.storyboard; name = Base; path = Base.lproj/LaunchScreen.storyboard; sourceTree = "<group>"; };
		4DA4877C280FD0F900401107 /* Info.plist */ = {isa = PBXFileReference; lastKnownFileType = text.plist.xml; path = Info.plist; sourceTree = "<group>"; };
		4DA48782280FD16000401107 /* MainVC.swift */ = {isa = PBXFileReference; lastKnownFileType = sourcecode.swift; path = MainVC.swift; sourceTree = "<group>"; };
		4DA48783280FD16000401107 /* MainVC.xib */ = {isa = PBXFileReference; lastKnownFileType = file.xib; path = MainVC.xib; sourceTree = "<group>"; };
		4DA48789280FD27900401107 /* LoginVC.swift */ = {isa = PBXFileReference; lastKnownFileType = sourcecode.swift; path = LoginVC.swift; sourceTree = "<group>"; };
		4DA4878A280FD27900401107 /* LoginVC.xib */ = {isa = PBXFileReference; lastKnownFileType = file.xib; path = LoginVC.xib; sourceTree = "<group>"; };
		4DA4878D280FF73500401107 /* ru */ = {isa = PBXFileReference; lastKnownFileType = text.plist.strings; name = ru; path = ru.lproj/LaunchScreen.strings; sourceTree = "<group>"; };
		4DE82567281CAE1400B42757 /* MyFirestoreData.swift */ = {isa = PBXFileReference; lastKnownFileType = sourcecode.swift; path = MyFirestoreData.swift; sourceTree = "<group>"; };
		4DEA44F72817BFBE00093536 /* GoogleService-Info.plist */ = {isa = PBXFileReference; fileEncoding = 4; lastKnownFileType = text.plist.xml; path = "GoogleService-Info.plist"; sourceTree = "<group>"; };
		9A2AD73BB82F95916144D57F /* Pods-Travel Agency.release.xcconfig */ = {isa = PBXFileReference; includeInIndex = 1; lastKnownFileType = text.xcconfig; name = "Pods-Travel Agency.release.xcconfig"; path = "Target Support Files/Pods-Travel Agency/Pods-Travel Agency.release.xcconfig"; sourceTree = "<group>"; };
/* End PBXFileReference section */

/* Begin PBXFrameworksBuildPhase section */
		4DA48768280FD0F500401107 /* Frameworks */ = {
			isa = PBXFrameworksBuildPhase;
			buildActionMask = 2147483647;
			files = (
				33A72C3D33AA93098DD6568A /* Pods_Travel_Agency.framework in Frameworks */,
			);
			runOnlyForDeploymentPostprocessing = 0;
		};
/* End PBXFrameworksBuildPhase section */

/* Begin PBXGroup section */
		4D0F3E5D281112DB005C62D2 /* Helper */ = {
			isa = PBXGroup;
			children = (
				4D93AA302819131800004FE9 /* Net */,
				4D9EC430281525CE006D06FB /* Alert.swift */,
				4D0F3E6028111711005C62D2 /* Cache.swift */,
				4D9EC42E281522F0006D06FB /* Constants.swift */,
				4D9EC44928165838006D06FB /* Extensions */,
			);
			path = Helper;
			sourceTree = "<group>";
		};
		4D0F3E7028112404005C62D2 /* MainVC */ = {
			isa = PBXGroup;
			children = (
				4D9EC439281553B0006D06FB /* Home */,
				4D9EC43A281553B8006D06FB /* Hotel */,
				4D9EC43B281553BF006D06FB /* RentCar */,
				4D9EC43C281553C7006D06FB /* Profile */,
			);
			path = MainVC;
			sourceTree = "<group>";
		};
		4D93AA302819131800004FE9 /* Net */ = {
			isa = PBXGroup;
			children = (
				4D93AA322819133100004FE9 /* Loader.swift */,
				4D93AA342819133100004FE9 /* Net.swift */,
				4D93AA332819133100004FE9 /* Rechability.swift */,
				4D93AA392819135600004FE9 /* API.swift */,
				4D7D407B28192BDC00F1367E /* MyRealmData.swift */,
				4DE82567281CAE1400B42757 /* MyFirestoreData.swift */,
				4D93AA3F2819280600004FE9 /* Locations.json */,
				4D904625282834E600D99271 /* Cars.json */,
			);
			path = Net;
			sourceTree = "<group>";
		};
		4D992ADE281BBA7700106481 /* TVC */ = {
			isa = PBXGroup;
			children = (
				4D992ADF281BBA9700106481 /* FavoritesTVC.swift */,
				4D992AE0281BBA9700106481 /* FavoritesTVC.xib */,
			);
			path = TVC;
			sourceTree = "<group>";
		};
		4D9EC43428155027006D06FB /* TabBarController */ = {
			isa = PBXGroup;
			children = (
				4D0F3E66281119FC005C62D2 /* TabBarController.swift */,
			);
			path = TabBarController;
			sourceTree = "<group>";
		};
		4D9EC439281553B0006D06FB /* Home */ = {
			isa = PBXGroup;
			children = (
				4DA48782280FD16000401107 /* MainVC.swift */,
				4DA48783280FD16000401107 /* MainVC.xib */,
				4D992AD2281A7C1800106481 /* PlaceDetailVC.swift */,
				4D992AD3281A7C1800106481 /* PlaceDetailVC.xib */,
				4D992ACE281A5E8600106481 /* WebViewVC.swift */,
				4D9EC44C28166714006D06FB /* CVC */,
			);
			path = Home;
			sourceTree = "<group>";
		};
		4D9EC43A281553B8006D06FB /* Hotel */ = {
			isa = PBXGroup;
			children = (
				4D0F3E6828112162005C62D2 /* HotelsVC.swift */,
				4D0F3E6928112162005C62D2 /* HotelsVC.xib */,
			);
			path = Hotel;
			sourceTree = "<group>";
		};
		4D9EC43B281553BF006D06FB /* RentCar */ = {
			isa = PBXGroup;
			children = (
				4D0F3E6C28112321005C62D2 /* RentCarVC.swift */,
				4D0F3E6D28112321005C62D2 /* RentCarVC.xib */,
			);
			path = RentCar;
			sourceTree = "<group>";
		};
		4D9EC43C281553C7006D06FB /* Profile */ = {
			isa = PBXGroup;
			children = (
				4D9EC43528155129006D06FB /* ProfileVC.swift */,
				4D9EC43628155129006D06FB /* ProfileVC.xib */,
				4D9EC44428155575006D06FB /* CustomSectionHeader.swift */,
				4D9EC44328155575006D06FB /* CustomSectionHeader.xib */,
				4D992AE9281BC6DD00106481 /* MyFavoriteVC.swift */,
				4D992AEA281BC6DD00106481 /* MyFavoriteVC.xib */,
				4D9046212828229000D99271 /* AppInfoVC.swift */,
				4D9046222828229000D99271 /* AppInfoVC.xib */,
				4D992ADE281BBA7700106481 /* TVC */,
			);
			path = Profile;
			sourceTree = "<group>";
		};
		4D9EC44928165838006D06FB /* Extensions */ = {
			isa = PBXGroup;
			children = (
				4D0F3E5E28111306005C62D2 /* Ext+String.swift */,
				4D9EC4552816684E006D06FB /* Ext+Cell.swift */,
				4D9EC44A28165877006D06FB /* Ext+UNC.swift */,
				4D7D407D2819385700F1367E /* Ext+UIImageView.swift */,
				4D9EC43228152907006D06FB /* Ext+UIWindow.swift */,
				4D9EC44728165828006D06FB /* Ext+UIVC.swift */,
			);
			path = Extensions;
			sourceTree = "<group>";
		};
		4D9EC44C28166714006D06FB /* CVC */ = {
			isa = PBXGroup;
			children = (
				4D9EC44D28166735006D06FB /* TopCVC.swift */,
				4D9EC44E28166735006D06FB /* TopCVC.xib */,
				4D9EC4512816674E006D06FB /* AnimateCVC.swift */,
				4D9EC4522816674E006D06FB /* AnimateCVC.xib */,
			);
			path = CVC;
			sourceTree = "<group>";
		};
		4DA48762280FD0F500401107 = {
			isa = PBXGroup;
			children = (
				4DA4876D280FD0F500401107 /* Travel Agency */,
				4DA4876C280FD0F500401107 /* Products */,
				CE30BA6DC410459BBF61A4DB /* Pods */,
				B0AC62567A5A23743AE5C50A /* Frameworks */,
			);
			sourceTree = "<group>";
		};
		4DA4876C280FD0F500401107 /* Products */ = {
			isa = PBXGroup;
			children = (
				4DA4876B280FD0F500401107 /* Travel Agency.app */,
			);
			name = Products;
			sourceTree = "<group>";
		};
		4DA4876D280FD0F500401107 /* Travel Agency */ = {
			isa = PBXGroup;
			children = (
				4DA4876E280FD0F500401107 /* AppDelegate.swift */,
				4D0F3E5D281112DB005C62D2 /* Helper */,
				4DA48786280FD23700401107 /* Model */,
				4DA48787280FD24500401107 /* Views */,
				4DA48777280FD0F900401107 /* Assets.xcassets */,
				4DA48779280FD0F900401107 /* LaunchScreen.storyboard */,
				4DA4877C280FD0F900401107 /* Info.plist */,
				4DEA44F72817BFBE00093536 /* GoogleService-Info.plist */,
			);
			path = "Travel Agency";
			sourceTree = "<group>";
		};
		4DA48786280FD23700401107 /* Model */ = {
			isa = PBXGroup;
			children = (
				4D9EC42C28152239006D06FB /* UserDM.swift */,
				4D90461F2827C89000D99271 /* OrdersDM.swift */,
				4D93AA3B2819272C00004FE9 /* LocationDM.swift */,
				4D90462728283DC400D99271 /* CarDM.swift */,
			);
			path = Model;
			sourceTree = "<group>";
		};
		4DA48787280FD24500401107 /* Views */ = {
			isa = PBXGroup;
			children = (
				4DA48788280FD24E00401107 /* LoginPages */,
				4D9EC43428155027006D06FB /* TabBarController */,
				4D0F3E7028112404005C62D2 /* MainVC */,
			);
			path = Views;
			sourceTree = "<group>";
		};
		4DA48788280FD24E00401107 /* LoginPages */ = {
			isa = PBXGroup;
			children = (
				4DA48789280FD27900401107 /* LoginVC.swift */,
				4DA4878A280FD27900401107 /* LoginVC.xib */,
				4D0F3E6228111752005C62D2 /* RegisterVC.swift */,
				4D0F3E6328111752005C62D2 /* RegisterVC.xib */,
			);
			path = LoginPages;
			sourceTree = "<group>";
		};
		B0AC62567A5A23743AE5C50A /* Frameworks */ = {
			isa = PBXGroup;
			children = (
				000ABA3FF99DAA9C13832281 /* Pods_Travel_Agency.framework */,
			);
			name = Frameworks;
			sourceTree = "<group>";
		};
		CE30BA6DC410459BBF61A4DB /* Pods */ = {
			isa = PBXGroup;
			children = (
				3E4D495F1FC776433C8DFDD3 /* Pods-Travel Agency.debug.xcconfig */,
				9A2AD73BB82F95916144D57F /* Pods-Travel Agency.release.xcconfig */,
			);
			path = Pods;
			sourceTree = "<group>";
		};
/* End PBXGroup section */

/* Begin PBXNativeTarget section */
		4DA4876A280FD0F500401107 /* Travel Agency */ = {
			isa = PBXNativeTarget;
			buildConfigurationList = 4DA4877F280FD0F900401107 /* Build configuration list for PBXNativeTarget "Travel Agency" */;
			buildPhases = (
				1E7851D5390B9173EE91B6ED /* [CP] Check Pods Manifest.lock */,
				4DA48767280FD0F500401107 /* Sources */,
				4DA48768280FD0F500401107 /* Frameworks */,
				4DA48769280FD0F500401107 /* Resources */,
				A186B2B8BAA8745F49DDD567 /* [CP] Embed Pods Frameworks */,
			);
			buildRules = (
			);
			dependencies = (
			);
			name = "Travel Agency";
			productName = "Travel Agency";
			productReference = 4DA4876B280FD0F500401107 /* Travel Agency.app */;
			productType = "com.apple.product-type.application";
		};
/* End PBXNativeTarget section */

/* Begin PBXProject section */
		4DA48763280FD0F500401107 /* Project object */ = {
			isa = PBXProject;
			attributes = {
				BuildIndependentTargetsInParallel = 1;
				LastSwiftUpdateCheck = 1330;
				LastUpgradeCheck = 1330;
				TargetAttributes = {
					4DA4876A280FD0F500401107 = {
						CreatedOnToolsVersion = 13.3.1;
					};
				};
			};
			buildConfigurationList = 4DA48766280FD0F500401107 /* Build configuration list for PBXProject "Travel Agency" */;
			compatibilityVersion = "Xcode 13.0";
			developmentRegion = en;
			hasScannedForEncodings = 0;
			knownRegions = (
				en,
				Base,
				ru,
			);
			mainGroup = 4DA48762280FD0F500401107;
			productRefGroup = 4DA4876C280FD0F500401107 /* Products */;
			projectDirPath = "";
			projectRoot = "";
			targets = (
				4DA4876A280FD0F500401107 /* Travel Agency */,
			);
		};
/* End PBXProject section */

/* Begin PBXResourcesBuildPhase section */
		4DA48769280FD0F500401107 /* Resources */ = {
			isa = PBXResourcesBuildPhase;
			buildActionMask = 2147483647;
			files = (
				4D992AEC281BC6DD00106481 /* MyFavoriteVC.xib in Resources */,
				4D9EC43828155129006D06FB /* ProfileVC.xib in Resources */,
				4D992AD5281A7C1800106481 /* PlaceDetailVC.xib in Resources */,
				4DA48785280FD16000401107 /* MainVC.xib in Resources */,
				4D9EC4542816674E006D06FB /* AnimateCVC.xib in Resources */,
				4D9EC44528155575006D06FB /* CustomSectionHeader.xib in Resources */,
				4D0F3E6F28112321005C62D2 /* RentCarVC.xib in Resources */,
				4DEA44F82817BFBE00093536 /* GoogleService-Info.plist in Resources */,
				4DA4877B280FD0F900401107 /* LaunchScreen.storyboard in Resources */,
				4DA4878C280FD27900401107 /* LoginVC.xib in Resources */,
				4D0F3E6B28112162005C62D2 /* HotelsVC.xib in Resources */,
				4DA48778280FD0F900401107 /* Assets.xcassets in Resources */,
				4D9EC45028166735006D06FB /* TopCVC.xib in Resources */,
				4D93AA402819280600004FE9 /* Locations.json in Resources */,
				4D992AE2281BBA9700106481 /* FavoritesTVC.xib in Resources */,
				4D9046242828229000D99271 /* AppInfoVC.xib in Resources */,
				4D0F3E6528111752005C62D2 /* RegisterVC.xib in Resources */,
				4D904626282834E600D99271 /* Cars.json in Resources */,
			);
			runOnlyForDeploymentPostprocessing = 0;
		};
/* End PBXResourcesBuildPhase section */

/* Begin PBXShellScriptBuildPhase section */
		1E7851D5390B9173EE91B6ED /* [CP] Check Pods Manifest.lock */ = {
			isa = PBXShellScriptBuildPhase;
			buildActionMask = 2147483647;
			files = (
			);
			inputFileListPaths = (
			);
			inputPaths = (
				"${PODS_PODFILE_DIR_PATH}/Podfile.lock",
				"${PODS_ROOT}/Manifest.lock",
			);
			name = "[CP] Check Pods Manifest.lock";
			outputFileListPaths = (
			);
			outputPaths = (
				"$(DERIVED_FILE_DIR)/Pods-Travel Agency-checkManifestLockResult.txt",
			);
			runOnlyForDeploymentPostprocessing = 0;
			shellPath = /bin/sh;
			shellScript = "diff \"${PODS_PODFILE_DIR_PATH}/Podfile.lock\" \"${PODS_ROOT}/Manifest.lock\" > /dev/null\nif [ $? != 0 ] ; then\n    # print error to STDERR\n    echo \"error: The sandbox is not in sync with the Podfile.lock. Run 'pod install' or update your CocoaPods installation.\" >&2\n    exit 1\nfi\n# This output is used by Xcode 'outputs' to avoid re-running this script phase.\necho \"SUCCESS\" > \"${SCRIPT_OUTPUT_FILE_0}\"\n";
			showEnvVarsInLog = 0;
		};
		A186B2B8BAA8745F49DDD567 /* [CP] Embed Pods Frameworks */ = {
			isa = PBXShellScriptBuildPhase;
			buildActionMask = 2147483647;
			files = (
			);
			inputFileListPaths = (
				"${PODS_ROOT}/Target Support Files/Pods-Travel Agency/Pods-Travel Agency-frameworks-${CONFIGURATION}-input-files.xcfilelist",
			);
			name = "[CP] Embed Pods Frameworks";
			outputFileListPaths = (
				"${PODS_ROOT}/Target Support Files/Pods-Travel Agency/Pods-Travel Agency-frameworks-${CONFIGURATION}-output-files.xcfilelist",
			);
			runOnlyForDeploymentPostprocessing = 0;
			shellPath = /bin/sh;
			shellScript = "\"${PODS_ROOT}/Target Support Files/Pods-Travel Agency/Pods-Travel Agency-frameworks.sh\"\n";
			showEnvVarsInLog = 0;
		};
/* End PBXShellScriptBuildPhase section */

/* Begin PBXSourcesBuildPhase section */
		4DA48767280FD0F500401107 /* Sources */ = {
			isa = PBXSourcesBuildPhase;
			buildActionMask = 2147483647;
			files = (
				4DA4876F280FD0F500401107 /* AppDelegate.swift in Sources */,
				4D9EC42F281522F0006D06FB /* Constants.swift in Sources */,
				4D9EC43728155129006D06FB /* ProfileVC.swift in Sources */,
				4DE82568281CAE1400B42757 /* MyFirestoreData.swift in Sources */,
				4D7D407C28192BDC00F1367E /* MyRealmData.swift in Sources */,
				4D9EC42D28152239006D06FB /* UserDM.swift in Sources */,
				4D0F3E6A28112162005C62D2 /* HotelsVC.swift in Sources */,
				4D90462828283DC400D99271 /* CarDM.swift in Sources */,
				4D9EC44B28165877006D06FB /* Ext+UNC.swift in Sources */,
				4D0F3E6128111711005C62D2 /* Cache.swift in Sources */,
				4D992AD4281A7C1800106481 /* PlaceDetailVC.swift in Sources */,
				4D93AA362819133100004FE9 /* Loader.swift in Sources */,
				4D9EC43328152907006D06FB /* Ext+UIWindow.swift in Sources */,
				4D9EC44F28166735006D06FB /* TopCVC.swift in Sources */,
				4DA48784280FD16000401107 /* MainVC.swift in Sources */,
				4D9046232828229000D99271 /* AppInfoVC.swift in Sources */,
				4D9EC4532816674E006D06FB /* AnimateCVC.swift in Sources */,
				4D93AA372819133100004FE9 /* Rechability.swift in Sources */,
				4D9EC431281525CE006D06FB /* Alert.swift in Sources */,
				4D0F3E6E28112321005C62D2 /* RentCarVC.swift in Sources */,
				4D992AEB281BC6DD00106481 /* MyFavoriteVC.swift in Sources */,
				4D9EC4562816684E006D06FB /* Ext+Cell.swift in Sources */,
				4D0F3E6428111752005C62D2 /* RegisterVC.swift in Sources */,
				4D0F3E67281119FC005C62D2 /* TabBarController.swift in Sources */,
				4D9046202827C89000D99271 /* OrdersDM.swift in Sources */,
				4D93AA3C2819272C00004FE9 /* LocationDM.swift in Sources */,
				4D992AE1281BBA9700106481 /* FavoritesTVC.swift in Sources */,
				4D93AA382819133100004FE9 /* Net.swift in Sources */,
				4D9EC44828165828006D06FB /* Ext+UIVC.swift in Sources */,
				4D9EC44628155575006D06FB /* CustomSectionHeader.swift in Sources */,
				4DA4878B280FD27900401107 /* LoginVC.swift in Sources */,
				4D992AD0281A5E8600106481 /* WebViewVC.swift in Sources */,
				4D7D407E2819385700F1367E /* Ext+UIImageView.swift in Sources */,
				4D93AA3A2819135600004FE9 /* API.swift in Sources */,
				4D0F3E5F28111306005C62D2 /* Ext+String.swift in Sources */,
			);
			runOnlyForDeploymentPostprocessing = 0;
		};
/* End PBXSourcesBuildPhase section */

/* Begin PBXVariantGroup section */
		4DA48779280FD0F900401107 /* LaunchScreen.storyboard */ = {
			isa = PBXVariantGroup;
			children = (
				4DA4877A280FD0F900401107 /* Base */,
				4DA4878D280FF73500401107 /* ru */,
			);
			name = LaunchScreen.storyboard;
			sourceTree = "<group>";
		};
/* End PBXVariantGroup section */

/* Begin XCBuildConfiguration section */
		4DA4877D280FD0F900401107 /* Debug */ = {
			isa = XCBuildConfiguration;
			buildSettings = {
				ALWAYS_SEARCH_USER_PATHS = NO;
				CLANG_ANALYZER_LOCALIZABILITY_NONLOCALIZED = YES;
				CLANG_ANALYZER_NONNULL = YES;
				CLANG_ANALYZER_NUMBER_OBJECT_CONVERSION = YES_AGGRESSIVE;
				CLANG_CXX_LANGUAGE_STANDARD = "gnu++17";
				CLANG_ENABLE_MODULES = YES;
				CLANG_ENABLE_OBJC_ARC = YES;
				CLANG_ENABLE_OBJC_WEAK = YES;
				CLANG_WARN_BLOCK_CAPTURE_AUTORELEASING = YES;
				CLANG_WARN_BOOL_CONVERSION = YES;
				CLANG_WARN_COMMA = YES;
				CLANG_WARN_CONSTANT_CONVERSION = YES;
				CLANG_WARN_DEPRECATED_OBJC_IMPLEMENTATIONS = YES;
				CLANG_WARN_DIRECT_OBJC_ISA_USAGE = YES_ERROR;
				CLANG_WARN_DOCUMENTATION_COMMENTS = YES;
				CLANG_WARN_EMPTY_BODY = YES;
				CLANG_WARN_ENUM_CONVERSION = YES;
				CLANG_WARN_INFINITE_RECURSION = YES;
				CLANG_WARN_INT_CONVERSION = YES;
				CLANG_WARN_NON_LITERAL_NULL_CONVERSION = YES;
				CLANG_WARN_OBJC_IMPLICIT_RETAIN_SELF = YES;
				CLANG_WARN_OBJC_LITERAL_CONVERSION = YES;
				CLANG_WARN_OBJC_ROOT_CLASS = YES_ERROR;
				CLANG_WARN_QUOTED_INCLUDE_IN_FRAMEWORK_HEADER = YES;
				CLANG_WARN_RANGE_LOOP_ANALYSIS = YES;
				CLANG_WARN_STRICT_PROTOTYPES = YES;
				CLANG_WARN_SUSPICIOUS_MOVE = YES;
				CLANG_WARN_UNGUARDED_AVAILABILITY = YES_AGGRESSIVE;
				CLANG_WARN_UNREACHABLE_CODE = YES;
				CLANG_WARN__DUPLICATE_METHOD_MATCH = YES;
				COPY_PHASE_STRIP = NO;
				DEBUG_INFORMATION_FORMAT = "dwarf-with-dsym";
				ENABLE_STRICT_OBJC_MSGSEND = YES;
				ENABLE_TESTABILITY = YES;
				GCC_C_LANGUAGE_STANDARD = gnu11;
				GCC_DYNAMIC_NO_PIC = NO;
				GCC_NO_COMMON_BLOCKS = YES;
				GCC_OPTIMIZATION_LEVEL = 0;
				GCC_PREPROCESSOR_DEFINITIONS = (
					"DEBUG=1",
					"$(inherited)",
				);
				GCC_WARN_64_TO_32_BIT_CONVERSION = YES;
				GCC_WARN_ABOUT_RETURN_TYPE = YES_ERROR;
				GCC_WARN_UNDECLARED_SELECTOR = YES;
				GCC_WARN_UNINITIALIZED_AUTOS = YES_AGGRESSIVE;
				GCC_WARN_UNUSED_FUNCTION = YES;
				GCC_WARN_UNUSED_VARIABLE = YES;
				IPHONEOS_DEPLOYMENT_TARGET = 15.4;
				MTL_ENABLE_DEBUG_INFO = INCLUDE_SOURCE;
				MTL_FAST_MATH = YES;
				ONLY_ACTIVE_ARCH = YES;
				SDKROOT = iphoneos;
				SWIFT_ACTIVE_COMPILATION_CONDITIONS = DEBUG;
				SWIFT_OPTIMIZATION_LEVEL = "-Onone";
			};
			name = Debug;
		};
		4DA4877E280FD0F900401107 /* Release */ = {
			isa = XCBuildConfiguration;
			buildSettings = {
				ALWAYS_SEARCH_USER_PATHS = NO;
				CLANG_ANALYZER_LOCALIZABILITY_NONLOCALIZED = YES;
				CLANG_ANALYZER_NONNULL = YES;
				CLANG_ANALYZER_NUMBER_OBJECT_CONVERSION = YES_AGGRESSIVE;
				CLANG_CXX_LANGUAGE_STANDARD = "gnu++17";
				CLANG_ENABLE_MODULES = YES;
				CLANG_ENABLE_OBJC_ARC = YES;
				CLANG_ENABLE_OBJC_WEAK = YES;
				CLANG_WARN_BLOCK_CAPTURE_AUTORELEASING = YES;
				CLANG_WARN_BOOL_CONVERSION = YES;
				CLANG_WARN_COMMA = YES;
				CLANG_WARN_CONSTANT_CONVERSION = YES;
				CLANG_WARN_DEPRECATED_OBJC_IMPLEMENTATIONS = YES;
				CLANG_WARN_DIRECT_OBJC_ISA_USAGE = YES_ERROR;
				CLANG_WARN_DOCUMENTATION_COMMENTS = YES;
				CLANG_WARN_EMPTY_BODY = YES;
				CLANG_WARN_ENUM_CONVERSION = YES;
				CLANG_WARN_INFINITE_RECURSION = YES;
				CLANG_WARN_INT_CONVERSION = YES;
				CLANG_WARN_NON_LITERAL_NULL_CONVERSION = YES;
				CLANG_WARN_OBJC_IMPLICIT_RETAIN_SELF = YES;
				CLANG_WARN_OBJC_LITERAL_CONVERSION = YES;
				CLANG_WARN_OBJC_ROOT_CLASS = YES_ERROR;
				CLANG_WARN_QUOTED_INCLUDE_IN_FRAMEWORK_HEADER = YES;
				CLANG_WARN_RANGE_LOOP_ANALYSIS = YES;
				CLANG_WARN_STRICT_PROTOTYPES = YES;
				CLANG_WARN_SUSPICIOUS_MOVE = YES;
				CLANG_WARN_UNGUARDED_AVAILABILITY = YES_AGGRESSIVE;
				CLANG_WARN_UNREACHABLE_CODE = YES;
				CLANG_WARN__DUPLICATE_METHOD_MATCH = YES;
				COPY_PHASE_STRIP = NO;
				DEBUG_INFORMATION_FORMAT = "dwarf-with-dsym";
				ENABLE_NS_ASSERTIONS = NO;
				ENABLE_STRICT_OBJC_MSGSEND = YES;
				GCC_C_LANGUAGE_STANDARD = gnu11;
				GCC_NO_COMMON_BLOCKS = YES;
				GCC_WARN_64_TO_32_BIT_CONVERSION = YES;
				GCC_WARN_ABOUT_RETURN_TYPE = YES_ERROR;
				GCC_WARN_UNDECLARED_SELECTOR = YES;
				GCC_WARN_UNINITIALIZED_AUTOS = YES_AGGRESSIVE;
				GCC_WARN_UNUSED_FUNCTION = YES;
				GCC_WARN_UNUSED_VARIABLE = YES;
				IPHONEOS_DEPLOYMENT_TARGET = 15.4;
				MTL_ENABLE_DEBUG_INFO = NO;
				MTL_FAST_MATH = YES;
				SDKROOT = iphoneos;
				SWIFT_COMPILATION_MODE = wholemodule;
				SWIFT_OPTIMIZATION_LEVEL = "-O";
				VALIDATE_PRODUCT = YES;
			};
			name = Release;
		};
		4DA48780280FD0F900401107 /* Debug */ = {
			isa = XCBuildConfiguration;
			baseConfigurationReference = 3E4D495F1FC776433C8DFDD3 /* Pods-Travel Agency.debug.xcconfig */;
			buildSettings = {
				ASSETCATALOG_COMPILER_APPICON_NAME = AppIcon;
				ASSETCATALOG_COMPILER_GLOBAL_ACCENT_COLOR_NAME = AccentColor;
				CODE_SIGN_STYLE = Automatic;
				CURRENT_PROJECT_VERSION = 1;
				DEVELOPMENT_TEAM = KZ9ZFJVL8G;
				GENERATE_INFOPLIST_FILE = YES;
				INFOPLIST_FILE = "Travel Agency/Info.plist";
				INFOPLIST_KEY_UIApplicationSupportsIndirectInputEvents = YES;
				INFOPLIST_KEY_UILaunchStoryboardName = LaunchScreen;
				INFOPLIST_KEY_UISupportedInterfaceOrientations = UIInterfaceOrientationPortrait;
				INFOPLIST_KEY_UISupportedInterfaceOrientations_iPad = "UIInterfaceOrientationPortrait UIInterfaceOrientationPortraitUpsideDown UIInterfaceOrientationLandscapeLeft UIInterfaceOrientationLandscapeRight";
				INFOPLIST_KEY_UISupportedInterfaceOrientations_iPhone = "UIInterfaceOrientationPortrait UIInterfaceOrientationLandscapeLeft UIInterfaceOrientationLandscapeRight";
				IPHONEOS_DEPLOYMENT_TARGET = 15.4;
				LD_RUNPATH_SEARCH_PATHS = (
					"$(inherited)",
					"@executable_path/Frameworks",
				);
				MARKETING_VERSION = 1.0;
				PRODUCT_BUNDLE_IDENTIFIER = "Siddikjon.Travel-Agency";
				PRODUCT_NAME = "$(TARGET_NAME)";
				SWIFT_EMIT_LOC_STRINGS = YES;
				SWIFT_VERSION = 5.0;
				TARGETED_DEVICE_FAMILY = 1;
			};
			name = Debug;
		};
		4DA48781280FD0F900401107 /* Release */ = {
			isa = XCBuildConfiguration;
			baseConfigurationReference = 9A2AD73BB82F95916144D57F /* Pods-Travel Agency.release.xcconfig */;
			buildSettings = {
				ASSETCATALOG_COMPILER_APPICON_NAME = AppIcon;
				ASSETCATALOG_COMPILER_GLOBAL_ACCENT_COLOR_NAME = AccentColor;
				CODE_SIGN_STYLE = Automatic;
				CURRENT_PROJECT_VERSION = 1;
				DEVELOPMENT_TEAM = KZ9ZFJVL8G;
				GENERATE_INFOPLIST_FILE = YES;
				INFOPLIST_FILE = "Travel Agency/Info.plist";
				INFOPLIST_KEY_UIApplicationSupportsIndirectInputEvents = YES;
				INFOPLIST_KEY_UILaunchStoryboardName = LaunchScreen;
				INFOPLIST_KEY_UISupportedInterfaceOrientations = UIInterfaceOrientationPortrait;
				INFOPLIST_KEY_UISupportedInterfaceOrientations_iPad = "UIInterfaceOrientationPortrait UIInterfaceOrientationPortraitUpsideDown UIInterfaceOrientationLandscapeLeft UIInterfaceOrientationLandscapeRight";
				INFOPLIST_KEY_UISupportedInterfaceOrientations_iPhone = "UIInterfaceOrientationPortrait UIInterfaceOrientationLandscapeLeft UIInterfaceOrientationLandscapeRight";
				IPHONEOS_DEPLOYMENT_TARGET = 15.4;
				LD_RUNPATH_SEARCH_PATHS = (
					"$(inherited)",
					"@executable_path/Frameworks",
				);
				MARKETING_VERSION = 1.0;
				PRODUCT_BUNDLE_IDENTIFIER = "Siddikjon.Travel-Agency";
				PRODUCT_NAME = "$(TARGET_NAME)";
				SWIFT_EMIT_LOC_STRINGS = YES;
				SWIFT_VERSION = 5.0;
				TARGETED_DEVICE_FAMILY = 1;
			};
			name = Release;
		};
/* End XCBuildConfiguration section */

/* Begin XCConfigurationList section */
		4DA48766280FD0F500401107 /* Build configuration list for PBXProject "Travel Agency" */ = {
			isa = XCConfigurationList;
			buildConfigurations = (
				4DA4877D280FD0F900401107 /* Debug */,
				4DA4877E280FD0F900401107 /* Release */,
			);
			defaultConfigurationIsVisible = 0;
			defaultConfigurationName = Release;
		};
		4DA4877F280FD0F900401107 /* Build configuration list for PBXNativeTarget "Travel Agency" */ = {
			isa = XCConfigurationList;
			buildConfigurations = (
				4DA48780280FD0F900401107 /* Debug */,
				4DA48781280FD0F900401107 /* Release */,
			);
			defaultConfigurationIsVisible = 0;
			defaultConfigurationName = Release;
		};
/* End XCConfigurationList section */
	};
	rootObject = 4DA48763280FD0F500401107 /* Project object */;
}
